{
  "name": "@weserv/docs-theme",
  "version": "0.2.0",
  "lockfileVersion": 3,
  "requires": true,
  "packages": {
    "": {
      "name": "@weserv/docs-theme",
      "version": "0.2.0",
      "license": "MIT",
      "devDependencies": {
        "line-awesome": "^1.3.0"
      }
    },
    "node_modules/line-awesome": {
      "version": "1.3.0",
      "resolved": "https://registry.npmjs.org/line-awesome/-/line-awesome-1.3.0.tgz",
      "integrity": "sha512-Y0YHksL37ixDsHz+ihCwOtF5jwJgCDxQ3q+zOVgaSW8VugHGTsZZXMacPYZB1/JULBi6BAuTCTek+4ZY/UIwcw==",
      "dev": true
    }
  }
}
